{
  "name": "gitbook",
  "lockfileVersion": 2,
  "requires": true,
  "packages": {
    "": {
      "dependencies": {
        "collapsible-menu": "^1.0.10",
        "gitbook-plugin-remove-published-with-link": "^1.0.3",
        "gitbook-plugin-wide-page": "^1.0.1",
        "graceful-fs": "^4.2.9"
      }
    },
    "node_modules/collapsible-menu": {
      "version": "1.0.10",
      "resolved": "https://registry.npmjs.org/collapsible-menu/-/collapsible-menu-1.0.10.tgz",
      "integrity": "sha1-fsc0upcgSqAR4IM6Ukwnj0EkdN0=",
      "dependencies": {
        "tiny-emitter": "^1.1.0"
      }
    },
    "node_modules/gitbook-plugin-remove-published-with-link": {
      "version": "1.0.3",
      "resolved": "https://registry.npmjs.org/gitbook-plugin-remove-published-with-link/-/gitbook-plugin-remove-published-with-link-1.0.3.tgz",
      "integrity": "sha512-T8YYOrn0j/zUFJpz8jRkDoOQvPA5OKCjZAH1O0hamKmwNZRz2NeBig39uMH5W15rixcGFKqwGPVOfRZNfNDJzQ==",
      "engines": {
        "gitbook": ">1.x.x"
      }
    },
    "node_modules/gitbook-plugin-wide-page": {
      "version": "1.0.1",
      "resolved": "https://registry.npmjs.org/gitbook-plugin-wide-page/-/gitbook-plugin-wide-page-1.0.1.tgz",
      "integrity": "sha512-a4B5C/C7MAIqndRvVCWbGr2fDB0CCRQcahVVSInXgkkSb3xQP7q/35LJPGzfFxEsMV8dM6LheJmYA4cPyBwXWw==",
      "engines": {
        "gitbook": ">=2.4.0"
      }
    },
    "node_modules/graceful-fs": {
      "version": "4.2.9",
      "resolved": "https://registry.npmjs.org/graceful-fs/-/graceful-fs-4.2.9.tgz",
      "integrity": "sha512-NtNxqUcXgpW2iMrfqSfR73Glt39K+BLwWsPs94yR63v45T0Wbej7eRmL5cWfwEgqXnmjQp3zaJTshdRW/qC2ZQ=="
    },
    "node_modules/tiny-emitter": {
      "version": "1.2.0",
      "resolved": "https://registry.npmjs.org/tiny-emitter/-/tiny-emitter-1.2.0.tgz",
      "integrity": "sha1-bchFBSywjr78GHRyO1jySmSMO28="
    }
  },
  "dependencies": {
    "collapsible-menu": {
      "version": "1.0.10",
      "resolved": "https://registry.npmjs.org/collapsible-menu/-/collapsible-menu-1.0.10.tgz",
      "integrity": "sha1-fsc0upcgSqAR4IM6Ukwnj0EkdN0=",
      "requires": {
        "tiny-emitter": "^1.1.0"
      }
    },
    "gitbook-plugin-remove-published-with-link": {
      "version": "1.0.3",
      "resolved": "https://registry.npmjs.org/gitbook-plugin-remove-published-with-link/-/gitbook-plugin-remove-published-with-link-1.0.3.tgz",
      "integrity": "sha512-T8YYOrn0j/zUFJpz8jRkDoOQvPA5OKCjZAH1O0hamKmwNZRz2NeBig39uMH5W15rixcGFKqwGPVOfRZNfNDJzQ=="
    },
    "gitbook-plugin-wide-page": {
      "version": "1.0.1",
      "resolved": "https://registry.npmjs.org/gitbook-plugin-wide-page/-/gitbook-plugin-wide-page-1.0.1.tgz",
      "integrity": "sha512-a4B5C/C7MAIqndRvVCWbGr2fDB0CCRQcahVVSInXgkkSb3xQP7q/35LJPGzfFxEsMV8dM6LheJmYA4cPyBwXWw=="
    },
    "graceful-fs": {
      "version": "4.2.9",
      "resolved": "https://registry.npmjs.org/graceful-fs/-/graceful-fs-4.2.9.tgz",
      "integrity": "sha512-NtNxqUcXgpW2iMrfqSfR73Glt39K+BLwWsPs94yR63v45T0Wbej7eRmL5cWfwEgqXnmjQp3zaJTshdRW/qC2ZQ=="
    },
    "tiny-emitter": {
      "version": "1.2.0",
      "resolved": "https://registry.npmjs.org/tiny-emitter/-/tiny-emitter-1.2.0.tgz",
      "integrity": "sha1-bchFBSywjr78GHRyO1jySmSMO28="
    }
  }
}
